
Microsoft Visual Studio Solution File, Format Version 12.00
# Visual Studio Version 16
VisualStudioVersion = 16.0.30002.166
MinimumVisualStudioVersion = 10.0.40219.1
Project("{FAE04EC0-301F-11D3-BF4B-00C04F79EFBC}") = "HealthInfo", "HealthInfo.csproj", "{74E1496B-C0E1-4E70-8FCA-FEE539FA3F09}"
EndProject
Global
	GlobalSection(SolutionConfigurationPlatforms) = preSolution
		Debug|Any CPU = Debug|Any CPU
		Release|Any CPU = Release|Any CPU
	EndGlobalSection
	GlobalSection(ProjectConfigurationPlatforms) = postSolution
		{74E1496B-C0E1-4E70-8FCA-FEE539FA3F09}.Debug|Any CPU.ActiveCfg = Debug|Any CPU
		{74E1496B-C0E1-4E70-8FCA-FEE539FA3F09}.Debug|Any CPU.Build.0 = Debug|Any CPU
		{74E1496B-C0E1-4E70-8FCA-FEE539FA3F09}.Release|Any CPU.ActiveCfg = Release|Any CPU
		{74E1496B-C0E1-4E70-8FCA-FEE539FA3F09}.Release|Any CPU.Build.0 = Release|Any CPU
	EndGlobalSection
	GlobalSection(SolutionProperties) = preSolution
		HideSolutionNode = FALSE
	EndGlobalSection
	GlobalSection(ExtensibilityGlobals) = postSolution
		SolutionGuid = {DACA7F67-F02A-4552-A1B0-B6B352B27D33}
	EndGlobalSection
EndGlobal
